// !$*UTF8*$!
{
	archiveVersion = 1;
	classes = {
	};
	objectVersion = 46;
	objects = {

/* Begin PBXBuildFile section */
		8C228E7C1C23F78A009D0235 /* AppDelegate.swift in Sources */ = {isa = PBXBuildFile; fileRef = 8C228E7B1C23F78A009D0235 /* AppDelegate.swift */; };
		8C228E7E1C23F78A009D0235 /* ViewController.swift in Sources */ = {isa = PBXBuildFile; fileRef = 8C228E7D1C23F78A009D0235 /* ViewController.swift */; };
		8C228E811C23F78A009D0235 /* Main.storyboard in Resources */ = {isa = PBXBuildFile; fileRef = 8C228E7F1C23F78A009D0235 /* Main.storyboard */; };
		8C228E831C23F78A009D0235 /* Assets.xcassets in Resources */ = {isa = PBXBuildFile; fileRef = 8C228E821C23F78A009D0235 /* Assets.xcassets */; };
		8C228E861C23F78A009D0235 /* LaunchScreen.storyboard in Resources */ = {isa = PBXBuildFile; fileRef = 8C228E841C23F78A009D0235 /* LaunchScreen.storyboard */; };
		8C228E911C23F78A009D0235 /* NewsReaderTests.swift in Sources */ = {isa = PBXBuildFile; fileRef = 8C228E901C23F78A009D0235 /* NewsReaderTests.swift */; };
		8C228E9C1C23F78A009D0235 /* NewsReaderUITests.swift in Sources */ = {isa = PBXBuildFile; fileRef = 8C228E9B1C23F78A009D0235 /* NewsReaderUITests.swift */; };
/* End PBXBuildFile section */

/* Begin PBXContainerItemProxy section */
		8C228E8D1C23F78A009D0235 /* PBXContainerItemProxy */ = {
			isa = PBXContainerItemProxy;
			containerPortal = 8C228E701C23F78A009D0235 /* Project object */;
			proxyType = 1;
			remoteGlobalIDString = 8C228E771C23F78A009D0235;
			remoteInfo = NewsReader;
		};
		8C228E981C23F78A009D0235 /* PBXContainerItemProxy */ = {
			isa = PBXContainerItemProxy;
			containerPortal = 8C228E701C23F78A009D0235 /* Project object */;
			proxyType = 1;
			remoteGlobalIDString = 8C228E771C23F78A009D0235;
			remoteInfo = NewsReader;
		};
/* End PBXContainerItemProxy section */

/* Begin PBXFileReference section */
		8C228E781C23F78A009D0235 /* NewsReader.app */ = {isa = PBXFileReference; explicitFileType = wrapper.application; includeInIndex = 0; path = NewsReader.app; sourceTree = BUILT_PRODUCTS_DIR; };
		8C228E7B1C23F78A009D0235 /* AppDelegate.swift */ = {isa = PBXFileReference; lastKnownFileType = sourcecode.swift; path = AppDelegate.swift; sourceTree = "<group>"; };
		8C228E7D1C23F78A009D0235 /* ViewController.swift */ = {isa = PBXFileReference; lastKnownFileType = sourcecode.swift; path = ViewController.swift; sourceTree = "<group>"; };
		8C228E801C23F78A009D0235 /* Base */ = {isa = PBXFileReference; lastKnownFileType = file.storyboard; name = Base; path = Base.lproj/Main.storyboard; sourceTree = "<group>"; };
		8C228E821C23F78A009D0235 /* Assets.xcassets */ = {isa = PBXFileReference; lastKnownFileType = folder.assetcatalog; path = Assets.xcassets; sourceTree = "<group>"; };
		8C228E851C23F78A009D0235 /* Base */ = {isa = PBXFileReference; lastKnownFileType = file.storyboard; name = Base; path = Base.lproj/LaunchScreen.storyboard; sourceTree = "<group>"; };
		8C228E871C23F78A009D0235 /* Info.plist */ = {isa = PBXFileReference; lastKnownFileType = text.plist.xml; path = Info.plist; sourceTree = "<group>"; };
		8C228E8C1C23F78A009D0235 /* NewsReaderTests.xctest */ = {isa = PBXFileReference; explicitFileType = wrapper.cfbundle; includeInIndex = 0; path = NewsReaderTests.xctest; sourceTree = BUILT_PRODUCTS_DIR; };
		8C228E901C23F78A009D0235 /* NewsReaderTests.swift */ = {isa = PBXFileReference; lastKnownFileType = sourcecode.swift; path = NewsReaderTests.swift; sourceTree = "<group>"; };
		8C228E921C23F78A009D0235 /* Info.plist */ = {isa = PBXFileReference; lastKnownFileType = text.plist.xml; path = Info.plist; sourceTree = "<group>"; };
		8C228E971C23F78A009D0235 /* NewsReaderUITests.xctest */ = {isa = PBXFileReference; explicitFileType = wrapper.cfbundle; includeInIndex = 0; path = NewsReaderUITests.xctest; sourceTree = BUILT_PRODUCTS_DIR; };
		8C228E9B1C23F78A009D0235 /* NewsReaderUITests.swift */ = {isa = PBXFileReference; lastKnownFileType = sourcecode.swift; path = NewsReaderUITests.swift; sourceTree = "<group>"; };
		8C228E9D1C23F78A009D0235 /* Info.plist */ = {isa = PBXFileReference; lastKnownFileType = text.plist.xml; path = Info.plist; sourceTree = "<group>"; };
/* End PBXFileReference section */

/* Begin PBXFrameworksBuildPhase section */
		8C228E751C23F78A009D0235 /* Frameworks */ = {
			isa = PBXFrameworksBuildPhase;
			buildActionMask = 2147483647;
			files = (
			);
			runOnlyForDeploymentPostprocessing = 0;
		};
		8C228E891C23F78A009D0235 /* Frameworks */ = {
			isa = PBXFrameworksBuildPhase;
			buildActionMask = 2147483647;
			files = (
			);
			runOnlyForDeploymentPostprocessing = 0;
		};
		8C228E941C23F78A009D0235 /* Frameworks */ = {
			isa = PBXFrameworksBuildPhase;
			buildActionMask = 2147483647;
			files = (
			);
			runOnlyForDeploymentPostprocessing = 0;
		};
/* End PBXFrameworksBuildPhase section */

/* Begin PBXGroup section */
		8C228E6F1C23F78A009D0235 = {
			isa = PBXGroup;
			children = (
				8C228E7A1C23F78A009D0235 /* NewsReader */,
				8C228E8F1C23F78A009D0235 /* NewsReaderTests */,
				8C228E9A1C23F78A009D0235 /* NewsReaderUITests */,
				8C228E791C23F78A009D0235 /* Products */,
			);
			sourceTree = "<group>";
		};
		8C228E791C23F78A009D0235 /* Products */ = {
			isa = PBXGroup;
			children = (
				8C228E781C23F78A009D0235 /* NewsReader.app */,
				8C228E8C1C23F78A009D0235 /* NewsReaderTests.xctest */,
				8C228E971C23F78A009D0235 /* NewsReaderUITests.xctest */,
			);
			name = Products;
			sourceTree = "<group>";
		};
		8C228E7A1C23F78A009D0235 /* NewsReader */ = {
			isa = PBXGroup;
			children = (
				8C228E7B1C23F78A009D0235 /* AppDelegate.swift */,
				8C228E7D1C23F78A009D0235 /* ViewController.swift */,
				8C228E7F1C23F78A009D0235 /* Main.storyboard */,
				8C228E821C23F78A009D0235 /* Assets.xcassets */,
				8C228E841C23F78A009D0235 /* LaunchScreen.storyboard */,
				8C228E871C23F78A009D0235 /* Info.plist */,
			);
			path = NewsReader;
			sourceTree = "<group>";
		};
		8C228E8F1C23F78A009D0235 /* NewsReaderTests */ = {
			isa = PBXGroup;
			children = (
				8C228E901C23F78A009D0235 /* NewsReaderTests.swift */,
				8C228E921C23F78A009D0235 /* Info.plist */,
			);
			path = NewsReaderTests;
			sourceTree = "<group>";
		};
		8C228E9A1C23F78A009D0235 /* NewsReaderUITests */ = {
			isa = PBXGroup;
			children = (
				8C228E9B1C23F78A009D0235 /* NewsReaderUITests.swift */,
				8C228E9D1C23F78A009D0235 /* Info.plist */,
			);
			path = NewsReaderUITests;
			sourceTree = "<group>";
		};
/* End PBXGroup section */

/* Begin PBXNativeTarget section */
		8C228E771C23F78A009D0235 /* NewsReader */ = {
			isa = PBXNativeTarget;
			buildConfigurationList = 8C228EA01C23F78A009D0235 /* Build configuration list for PBXNativeTarget "NewsReader" */;
			buildPhases = (
				8C228E741C23F78A009D0235 /* Sources */,
				8C228E751C23F78A009D0235 /* Frameworks */,
				8C228E761C23F78A009D0235 /* Resources */,
			);
			buildRules = (
			);
			dependencies = (
			);
			name = NewsReader;
			productName = NewsReader;
			productReference = 8C228E781C23F78A009D0235 /* NewsReader.app */;
			productType = "com.apple.product-type.application";
		};
		8C228E8B1C23F78A009D0235 /* NewsReaderTests */ = {
			isa = PBXNativeTarget;
			buildConfigurationList = 8C228EA31C23F78A009D0235 /* Build configuration list for PBXNativeTarget "NewsReaderTests" */;
			buildPhases = (
				8C228E881C23F78A009D0235 /* Sources */,
				8C228E891C23F78A009D0235 /* Frameworks */,
				8C228E8A1C23F78A009D0235 /* Resources */,
			);
			buildRules = (
			);
			dependencies = (
				8C228E8E1C23F78A009D0235 /* PBXTargetDependency */,
			);
			name = NewsReaderTests;
			productName = NewsReaderTests;
			productReference = 8C228E8C1C23F78A009D0235 /* NewsReaderTests.xctest */;
			productType = "com.apple.product-type.bundle.unit-test";
		};
		8C228E961C23F78A009D0235 /* NewsReaderUITests */ = {
			isa = PBXNativeTarget;
			buildConfigurationList = 8C228EA61C23F78A009D0235 /* Build configuration list for PBXNativeTarget "NewsReaderUITests" */;
			buildPhases = (
				8C228E931C23F78A009D0235 /* Sources */,
				8C228E941C23F78A009D0235 /* Frameworks */,
				8C228E951C23F78A009D0235 /* Resources */,
			);
			buildRules = (
			);
			dependencies = (
				8C228E991C23F78A009D0235 /* PBXTargetDependency */,
			);
			name = NewsReaderUITests;
			productName = NewsReaderUITests;
			productReference = 8C228E971C23F78A009D0235 /* NewsReaderUITests.xctest */;
			productType = "com.apple.product-type.bundle.ui-testing";
		};
/* End PBXNativeTarget section */

/* Begin PBXProject section */
		8C228E701C23F78A009D0235 /* Project object */ = {
			isa = PBXProject;
			attributes = {
				LastSwiftUpdateCheck = 0720;
				LastUpgradeCheck = 0720;
				ORGANIZATIONNAME = fory;
				TargetAttributes = {
					8C228E771C23F78A009D0235 = {
						CreatedOnToolsVersion = 7.2;
					};
					8C228E8B1C23F78A009D0235 = {
						CreatedOnToolsVersion = 7.2;
						TestTargetID = 8C228E771C23F78A009D0235;
					};
					8C228E961C23F78A009D0235 = {
						CreatedOnToolsVersion = 7.2;
						TestTargetID = 8C228E771C23F78A009D0235;
					};
				};
			};
			buildConfigurationList = 8C228E731C23F78A009D0235 /* Build configuration list for PBXProject "NewsReader" */;
			compatibilityVersion = "Xcode 3.2";
			developmentRegion = English;
			hasScannedForEncodings = 0;
			knownRegions = (
				en,
				Base,
			);
			mainGroup = 8C228E6F1C23F78A009D0235;
			productRefGroup = 8C228E791C23F78A009D0235 /* Products */;
			projectDirPath = "";
			projectRoot = "";
			targets = (
				8C228E771C23F78A009D0235 /* NewsReader */,
				8C228E8B1C23F78A009D0235 /* NewsReaderTests */,
				8C228E961C23F78A009D0235 /* NewsReaderUITests */,
			);
		};
/* End PBXProject section */

/* Begin PBXResourcesBuildPhase section */
		8C228E761C23F78A009D0235 /* Resources */ = {
			isa = PBXResourcesBuildPhase;
			buildActionMask = 2147483647;
			files = (
				8C228E861C23F78A009D0235 /* LaunchScreen.storyboard in Resources */,
				8C228E831C23F78A009D0235 /* Assets.xcassets in Resources */,
				8C228E811C23F78A009D0235 /* Main.storyboard in Resources */,
			);
			runOnlyForDeploymentPostprocessing = 0;
		};
		8C228E8A1C23F78A009D0235 /* Resources */ = {
			isa = PBXResourcesBuildPhase;
			buildActionMask = 2147483647;
			files = (
			);
			runOnlyForDeploymentPostprocessing = 0;
		};
		8C228E951C23F78A009D0235 /* Resources */ = {
			isa = PBXResourcesBuildPhase;
			buildActionMask = 2147483647;
			files = (
			);
			runOnlyForDeploymentPostprocessing = 0;
		};
/* End PBXResourcesBuildPhase section */

/* Begin PBXSourcesBuildPhase section */
		8C228E741C23F78A009D0235 /* Sources */ = {
			isa = PBXSourcesBuildPhase;
			buildActionMask = 2147483647;
			files = (
				8C228E7E1C23F78A009D0235 /* ViewController.swift in Sources */,
				8C228E7C1C23F78A009D0235 /* AppDelegate.swift in Sources */,
			);
			runOnlyForDeploymentPostprocessing = 0;
		};
		8C228E881C23F78A009D0235 /* Sources */ = {
			isa = PBXSourcesBuildPhase;
			buildActionMask = 2147483647;
			files = (
				8C228E911C23F78A009D0235 /* NewsReaderTests.swift in Sources */,
			);
			runOnlyForDeploymentPostprocessing = 0;
		};
		8C228E931C23F78A009D0235 /* Sources */ = {
			isa = PBXSourcesBuildPhase;
			buildActionMask = 2147483647;
			files = (
				8C228E9C1C23F78A009D0235 /* NewsReaderUITests.swift in Sources */,
			);
			runOnlyForDeploymentPostprocessing = 0;
		};
/* End PBXSourcesBuildPhase section */

/* Begin PBXTargetDependency section */
		8C228E8E1C23F78A009D0235 /* PBXTargetDependency */ = {
			isa = PBXTargetDependency;
			target = 8C228E771C23F78A009D0235 /* NewsReader */;
			targetProxy = 8C228E8D1C23F78A009D0235 /* PBXContainerItemProxy */;
		};
		8C228E991C23F78A009D0235 /* PBXTargetDependency */ = {
			isa = PBXTargetDependency;
			target = 8C228E771C23F78A009D0235 /* NewsReader */;
			targetProxy = 8C228E981C23F78A009D0235 /* PBXContainerItemProxy */;
		};
/* End PBXTargetDependency section */

/* Begin PBXVariantGroup section */
		8C228E7F1C23F78A009D0235 /* Main.storyboard */ = {
			isa = PBXVariantGroup;
			children = (
				8C228E801C23F78A009D0235 /* Base */,
			);
			name = Main.storyboard;
			sourceTree = "<group>";
		};
		8C228E841C23F78A009D0235 /* LaunchScreen.storyboard */ = {
			isa = PBXVariantGroup;
			children = (
				8C228E851C23F78A009D0235 /* Base */,
			);
			name = LaunchScreen.storyboard;
			sourceTree = "<group>";
		};
/* End PBXVariantGroup section */

/* Begin XCBuildConfiguration section */
		8C228E9E1C23F78A009D0235 /* Debug */ = {
			isa = XCBuildConfiguration;
			buildSettings = {
				ALWAYS_SEARCH_USER_PATHS = NO;
				CLANG_CXX_LANGUAGE_STANDARD = "gnu++0x";
				CLANG_CXX_LIBRARY = "libc++";
				CLANG_ENABLE_MODULES = YES;
				CLANG_ENABLE_OBJC_ARC = YES;
				CLANG_WARN_BOOL_CONVERSION = YES;
				CLANG_WARN_CONSTANT_CONVERSION = YES;
				CLANG_WARN_DIRECT_OBJC_ISA_USAGE = YES_ERROR;
				CLANG_WARN_EMPTY_BODY = YES;
				CLANG_WARN_ENUM_CONVERSION = YES;
				CLANG_WARN_INT_CONVERSION = YES;
				CLANG_WARN_OBJC_ROOT_CLASS = YES_ERROR;
				CLANG_WARN_UNREACHABLE_CODE = YES;
				CLANG_WARN__DUPLICATE_METHOD_MATCH = YES;
				"CODE_SIGN_IDENTITY[sdk=iphoneos*]" = "iPhone Developer";
				COPY_PHASE_STRIP = NO;
				DEBUG_INFORMATION_FORMAT = dwarf;
				ENABLE_STRICT_OBJC_MSGSEND = YES;
				ENABLE_TESTABILITY = YES;
				GCC_C_LANGUAGE_STANDARD = gnu99;
				GCC_DYNAMIC_NO_PIC = NO;
				GCC_NO_COMMON_BLOCKS = YES;
				GCC_OPTIMIZATION_LEVEL = 0;
				GCC_PREPROCESSOR_DEFINITIONS = (
					"DEBUG=1",
					"$(inherited)",
				);
				GCC_WARN_64_TO_32_BIT_CONVERSION = YES;
				GCC_WARN_ABOUT_RETURN_TYPE = YES_ERROR;
				GCC_WARN_UNDECLARED_SELECTOR = YES;
				GCC_WARN_UNINITIALIZED_AUTOS = YES_AGGRESSIVE;
				GCC_WARN_UNUSED_FUNCTION = YES;
				GCC_WARN_UNUSED_VARIABLE = YES;
				IPHONEOS_DEPLOYMENT_TARGET = 9.2;
				MTL_ENABLE_DEBUG_INFO = YES;
				ONLY_ACTIVE_ARCH = YES;
				SDKROOT = iphoneos;
				SWIFT_OPTIMIZATION_LEVEL = "-Onone";
				TARGETED_DEVICE_FAMILY = "1,2";
			};
			name = Debug;
		};
		8C228E9F1C23F78A009D0235 /* Release */ = {
			isa = XCBuildConfiguration;
			buildSettings = {
				ALWAYS_SEARCH_USER_PATHS = NO;
				CLANG_CXX_LANGUAGE_STANDARD = "gnu++0x";
				CLANG_CXX_LIBRARY = "libc++";
				CLANG_ENABLE_MODULES = YES;
				CLANG_ENABLE_OBJC_ARC = YES;
				CLANG_WARN_BOOL_CONVERSION = YES;
				CLANG_WARN_CONSTANT_CONVERSION = YES;
				CLANG_WARN_DIRECT_OBJC_ISA_USAGE = YES_ERROR;
				CLANG_WARN_EMPTY_BODY = YES;
				CLANG_WARN_ENUM_CONVERSION = YES;
				CLANG_WARN_INT_CONVERSION = YES;
				CLANG_WARN_OBJC_ROOT_CLASS = YES_ERROR;
				CLANG_WARN_UNREACHABLE_CODE = YES;
				CLANG_WARN__DUPLICATE_METHOD_MATCH = YES;
				"CODE_SIGN_IDENTITY[sdk=iphoneos*]" = "iPhone Developer";
				COPY_PHASE_STRIP = NO;
				DEBUG_INFORMATION_FORMAT = "dwarf-with-dsym";
				ENABLE_NS_ASSERTIONS = NO;
				ENABLE_STRICT_OBJC_MSGSEND = YES;
				GCC_C_LANGUAGE_STANDARD = gnu99;
				GCC_NO_COMMON_BLOCKS = YES;
				GCC_WARN_64_TO_32_BIT_CONVERSION = YES;
				GCC_WARN_ABOUT_RETURN_TYPE = YES_ERROR;
				GCC_WARN_UNDECLARED_SELECTOR = YES;
				GCC_WARN_UNINITIALIZED_AUTOS = YES_AGGRESSIVE;
				GCC_WARN_UNUSED_FUNCTION = YES;
				GCC_WARN_UNUSED_VARIABLE = YES;
				IPHONEOS_DEPLOYMENT_TARGET = 9.2;
				MTL_ENABLE_DEBUG_INFO = NO;
				SDKROOT = iphoneos;
				TARGETED_DEVICE_FAMILY = "1,2";
				VALIDATE_PRODUCT = YES;
			};
			name = Release;
		};
		8C228EA11C23F78A009D0235 /* Debug */ = {
			isa = XCBuildConfiguration;
			buildSettings = {
				ASSETCATALOG_COMPILER_APPICON_NAME = AppIcon;
				INFOPLIST_FILE = NewsReader/Info.plist;
				LD_RUNPATH_SEARCH_PATHS = "$(inherited) @executable_path/Frameworks";
				PRODUCT_BUNDLE_IDENTIFIER = com.2345.bookreader.NewsReader;
				PRODUCT_NAME = "$(TARGET_NAME)";
			};
			name = Debug;
		};
		8C228EA21C23F78A009D0235 /* Release */ = {
			isa = XCBuildConfiguration;
			buildSettings = {
				ASSETCATALOG_COMPILER_APPICON_NAME = AppIcon;
				INFOPLIST_FILE = NewsReader/Info.plist;
				LD_RUNPATH_SEARCH_PATHS = "$(inherited) @executable_path/Frameworks";
				PRODUCT_BUNDLE_IDENTIFIER = com.2345.bookreader.NewsReader;
				PRODUCT_NAME = "$(TARGET_NAME)";
			};
			name = Release;
		};
		8C228EA41C23F78A009D0235 /* Debug */ = {
			isa = XCBuildConfiguration;
			buildSettings = {
				BUNDLE_LOADER = "$(TEST_HOST)";
				INFOPLIST_FILE = NewsReaderTests/Info.plist;
				LD_RUNPATH_SEARCH_PATHS = "$(inherited) @executable_path/Frameworks @loader_path/Frameworks";
				PRODUCT_BUNDLE_IDENTIFIER = com.2345.bookreader.NewsReaderTests;
				PRODUCT_NAME = "$(TARGET_NAME)";
				TEST_HOST = "$(BUILT_PRODUCTS_DIR)/NewsReader.app/NewsReader";
			};
			name = Debug;
		};
		8C228EA51C23F78A009D0235 /* Release */ = {
			isa = XCBuildConfiguration;
			buildSettings = {
				BUNDLE_LOADER = "$(TEST_HOST)";
				INFOPLIST_FILE = NewsReaderTests/Info.plist;
				LD_RUNPATH_SEARCH_PATHS = "$(inherited) @executable_path/Frameworks @loader_path/Frameworks";
				PRODUCT_BUNDLE_IDENTIFIER = com.2345.bookreader.NewsReaderTests;
				PRODUCT_NAME = "$(TARGET_NAME)";
				TEST_HOST = "$(BUILT_PRODUCTS_DIR)/NewsReader.app/NewsReader";
			};
			name = Release;
		};
		8C228EA71C23F78A009D0235 /* Debug */ = {
			isa = XCBuildConfiguration;
			buildSettings = {
				INFOPLIST_FILE = NewsReaderUITests/Info.plist;
				LD_RUNPATH_SEARCH_PATHS = "$(inherited) @executable_path/Frameworks @loader_path/Frameworks";
				PRODUCT_BUNDLE_IDENTIFIER = com.2345.bookreader.NewsReaderUITests;
				PRODUCT_NAME = "$(TARGET_NAME)";
				TEST_TARGET_NAME = NewsReader;
				USES_XCTRUNNER = YES;
			};
			name = Debug;
		};
		8C228EA81C23F78A009D0235 /* Release */ = {
			isa = XCBuildConfiguration;
			buildSettings = {
				INFOPLIST_FILE = NewsReaderUITests/Info.plist;
				LD_RUNPATH_SEARCH_PATHS = "$(inherited) @executable_path/Frameworks @loader_path/Frameworks";
				PRODUCT_BUNDLE_IDENTIFIER = com.2345.bookreader.NewsReaderUITests;
				PRODUCT_NAME = "$(TARGET_NAME)";
				TEST_TARGET_NAME = NewsReader;
				USES_XCTRUNNER = YES;
			};
			name = Release;
		};
/* End XCBuildConfiguration section */

/* Begin XCConfigurationList section */
		8C228E731C23F78A009D0235 /* Build configuration list for PBXProject "NewsReader" */ = {
			isa = XCConfigurationList;
			buildConfigurations = (
				8C228E9E1C23F78A009D0235 /* Debug */,
				8C228E9F1C23F78A009D0235 /* Release */,
			);
			defaultConfigurationIsVisible = 0;
			defaultConfigurationName = Release;
		};
		8C228EA01C23F78A009D0235 /* Build configuration list for PBXNativeTarget "NewsReader" */ = {
			isa = XCConfigurationList;
			buildConfigurations = (
				8C228EA11C23F78A009D0235 /* Debug */,
				8C228EA21C23F78A009D0235 /* Release */,
			);
			defaultConfigurationIsVisible = 0;
		};
		8C228EA31C23F78A009D0235 /* Build configuration list for PBXNativeTarget "NewsReaderTests" */ = {
			isa = XCConfigurationList;
			buildConfigurations = (
				8C228EA41C23F78A009D0235 /* Debug */,
				8C228EA51C23F78A009D0235 /* Release */,
			);
			defaultConfigurationIsVisible = 0;
		};
		8C228EA61C23F78A009D0235 /* Build configuration list for PBXNativeTarget "NewsReaderUITests" */ = {
			isa = XCConfigurationList;
			buildConfigurations = (
				8C228EA71C23F78A009D0235 /* Debug */,
				8C228EA81C23F78A009D0235 /* Release */,
			);
			defaultConfigurationIsVisible = 0;
		};
/* End XCConfigurationList section */
	};
	rootObject = 8C228E701C23F78A009D0235 /* Project object */;
}
